schema: '2.0'
stages:
  run_asr:
    cmd: python pipeline/02-run_asr.py
    deps:
    - path: data/yt_metadata/videos.parquet
      hash: md5
      md5: 8c05edde0af474692c7e75d575065c3b
      size: 6349327
    - path: pipeline/02-run_asr.py
      hash: md5
      md5: 1ae95f48ff4da5b4259b2aa2f1b6119b
      size: 2027
    - path: src/processing/whisper_pipeline.py
      hash: md5
      md5: 18e7b31ac1eee8c9ccc4c86c9b139c60
      size: 6304
    outs:
    - path: data/interim/transcripts/v3_large_turbo.parquet
      hash: md5
      md5: bbfafb4753dd3c4e8a79d03a6280dc6c
      size: 48045031
  tokenize_transcripts:
    cmd: python pipeline/03-tokenize_transcripts.py
    deps:
    - path: data/interim/transcripts/v3_large_turbo.parquet
      hash: md5
      md5: bbfafb4753dd3c4e8a79d03a6280dc6c
      size: 48045031
    - path: pipeline/03-tokenize_transcripts.py
      hash: md5
      md5: 2087b50b8cc5bdaebca216c6f79fade9
      size: 4602
    - path: src/processing/transcript_cleaner.py
      hash: md5
      md5: 02137f9a346df775deaa5d99965d757e
      size: 3880
    outs:
    - path: data/yt_metadata/broken_transcripts.parquet
      hash: md5
      md5: 664ebe4dbe31f769bc1468344148b15b
      size: 1653
    - path: data/yt_metadata/sentences.parquet
      hash: md5
      md5: 72ae5f1d528ace8352192b521c513cab
      size: 62439966
  run_popbert:
    cmd: python pipeline/04-run_popbert.py
    deps:
    - path: data/yt_metadata/sentences.parquet
      hash: md5
      md5: 72ae5f1d528ace8352192b521c513cab
      size: 62439966
    - path: pipeline/04-run_popbert.py
      hash: md5
      md5: 323b6c1a8812410e4068fc3568387f8f
      size: 2744
    - path: src/processing/popbert_predictor.py
      hash: md5
      md5: e4dd97ffcd8f8e962b977a7da8c71c6d
      size: 2071
    outs:
    - path: data/yt_metadata/popbert.parquet
      hash: md5
      md5: c0f41b663d052b751c70f21d3fa03998
      size: 23667961
  run_manifesto_roberta:
    cmd: poetry run python pipeline/05-run_manifesto_roberta.py
    deps:
    - path: data/interim/sentences.parquet.gzip
      hash: md5
      md5: 8406669a97e71bb2f6741cbca36f6b40
      size: 35887187
    - path: pipeline/05-run_manifesto_roberta.py
      hash: md5
      md5: e5f48e4884904ed388906b28d24d30fc
      size: 2514
    - path: src/processing/manifesto_predictor.py
      hash: md5
      md5: dff138a1c91c969b39678c68a9035995
      size: 3349
    outs:
    - path: data/interim/manifesto_roberta.parquet.gzip
      hash: md5
      md5: c65497e8d4e9577744d758f7fbde237a
      size: 4352558
  basic_descriptives:
    cmd: papermill pipeline/05-basic_descriptives.ipynb reports/notebooks/05-basic_descriptives.ipynb
    deps:
    - path: data/yt_metadata/
      hash: md5
      md5: 89c579ca5e8ee644f6844111e1eeddbb.dir
      size: 64485314
      nfiles: 9
    - path: pipeline/05-basic_descriptives.ipynb
      hash: md5
      md5: 4427f56220ae5047490250e0116d3ac5
      size: 26631
    - path: src/load/load.py
      hash: md5
      md5: 0543d97804aff75f171b11bf27358cac
      size: 4556
    outs:
    - path: reports/figures/populism_per_party.svg
      hash: md5
      md5: 045644d977d12b67fabfb65046dcbaec
      size: 21686
    - path: reports/figures/view_count.svg
      hash: md5
      md5: 5d4524280c0dd2040abb5cb16dc3088e
      size: 279283
    - path: reports/manuscript/inlines/n_broken.txt
      hash: md5
      md5: f033ab37c30201f73f142449d037028d
      size: 2
    - path: reports/manuscript/inlines/n_sents.txt
      hash: md5
      md5: f47e12c379ca0a533323e860c221e1bc
      size: 7
    - path: reports/manuscript/inlines/n_videos.txt
      hash: md5
      md5: f3c34a84b81686be9ce14f9b20e8719e
      size: 6
    - path: reports/manuscript/inlines/sum_duration.txt
      hash: md5
      md5: b98094b7a2b178a15b483ef09fac4d80
      size: 7
    - path: reports/notebooks/05-basic_descriptives.ipynb
      hash: md5
      md5: 3cc6f6d08807d5b07ad0cfd614190289
      size: 36294
    - path: reports/tables/dataset_summary.csv
      hash: md5
      md5: 1a12726d60962fd13d7ceaaf9fa1f4d2
      size: 1022
  nb_regression:
    cmd: Rscript -e "rmarkdown::render('pipeline/07-nb_regression.Rmd', 'html_document',
      '../reports/notebooks/07-nb_regression.html')"
    deps:
    - path: data/yt_metadata/
      hash: md5
      md5: 89c579ca5e8ee644f6844111e1eeddbb.dir
      size: 64485314
      nfiles: 9
    - path: pipeline/07-nb_regression.Rmd
      hash: md5
      md5: 52ffddd13a2ab3aa4ef723c5211da92c
      size: 5198
    - path: r/load.R
      hash: md5
      md5: c75811a8219b72cd96a8de9f23e930b3
      size: 2404
    - path: src/load/
      hash: md5
      md5: 399da2cba9e25b50c27ec60837e53f11.dir
      size: 21525
      nfiles: 8
    outs:
    - path: reports/notebooks/07-nb_regression.html
      hash: md5
      md5: 7c66cfc4b49248e77f07e80da9a1be6f
      size: 2099738
  comment_analysis:
    cmd: papermill pipeline/08-comment_analysis.ipynb reports/notebooks/08-comment_analysis.ipynb
    deps:
    - path: data/raw/yt_metadata/
      hash: md5
      md5: e4f5a8c9396cda5019654633eb294499.dir
      size: 251169430
      nfiles: 3
    - path: pipeline/08-comment_analysis.ipynb
      hash: md5
      md5: f76f52ad067607bdd82d204738d02447
      size: 3756
    - path: src/load/
      hash: md5
      md5: c7f5837d0512f5af76ad65a32b605a00.dir
      size: 24235
      nfiles: 9
    outs:
    - path: reports/figures/co_commenter_network.svg
      hash: md5
      md5: 8b4d9520bde72827a3248b7f3cf7d564
      size: 39234
    - path: reports/notebooks/08-comment_analysis.ipynb
      hash: md5
      md5: 8674941e4a33515b22b87f9f2275e361
      size: 140684
    - path: reports/tables/n_commenters_per_channel.csv
      hash: md5
      md5: c9d87aa6c01cdc761013ead30ab3f4a7
      size: 103
  collect_manifestors:
    cmd: poetry run python pipeline/09-collect_manifestos.py
    deps:
    - path: pipeline/09-collect_manifestos.py
      hash: md5
      md5: 6119d92a56e0cdde4eeaa784bb6251ab
      size: 840
    - path: src/crawl/manifesto_crawler.py
      hash: md5
      md5: 8f26e6f8c25ca06ed22a77f775da955d
      size: 2044
    outs:
    - path: data/raw/manifestos
      hash: md5
      md5: 444a27d9a85d0ccfdcff1aa6f92b1e2c.dir
      size: 1300907
      nfiles: 6
  collect_manifestos:
    cmd: python pipeline/09-collect_manifestos.py
    deps:
    - path: pipeline/09-collect_manifestos.py
      hash: md5
      md5: 75fbbdebecf2b5595c0ab7b4209045f8
      size: 833
    - path: src/crawl/manifesto_crawler.py
      hash: md5
      md5: 07eaba786483381093426afd8c500b14
      size: 2045
    outs:
    - path: data/raw/manifestos
      hash: md5
      md5: 444a27d9a85d0ccfdcff1aa6f92b1e2c.dir
      size: 1300907
      nfiles: 6
  top_videos:
    cmd: papermill pipeline/07-top_videos.ipynb reports/notebooks/07-top_videos.ipynb
    deps:
    - path: data/yt_metadata/
      hash: md5
      md5: 89c579ca5e8ee644f6844111e1eeddbb.dir
      size: 64485314
      nfiles: 9
    - path: pipeline/07-top_videos.ipynb
      hash: md5
      md5: 046ad43bc8ce65dd9f7634d7ed7b14f0
      size: 6152
    - path: src/load/load.py
      hash: md5
      md5: 0543d97804aff75f171b11bf27358cac
      size: 4556
    outs:
    - path: reports/notebooks/07-top_videos.ipynb
      hash: md5
      md5: ce9e98e14a7f9d0f4b751a91dbff8198
      size: 15685
    - path: reports/tables/most_antielitism_videos_per_channel.csv
      hash: md5
      md5: 5db4f167f49993c3aaa048841074422a
      size: 6622
    - path: reports/tables/most_liked_videos_per_channel.csv
      hash: md5
      md5: cee192cbf7f1aabb3e4e6d10986122d8
      size: 5937
    - path: reports/tables/most_viewed_videos_per_channel.csv
      hash: md5
      md5: 56793c39923c8ad1a04f498862ae6852
      size: 5605
  regressions:
    cmd: Rscript -e "rmarkdown::render('pipeline/06-regressions.Rmd', 'html_document',
      '../reports/notebooks/06-regressions.html')"
    deps:
    - path: data/yt_metadata/
      hash: md5
      md5: 89c579ca5e8ee644f6844111e1eeddbb.dir
      size: 64485314
      nfiles: 9
    - path: pipeline/06-regressions.Rmd
      hash: md5
      md5: e7fb02cdfcedd616c2a532c0a0c4f45a
      size: 6488
    - path: r/load.R
      hash: md5
      md5: 452ea552cde5262d9da4ff3d70fc5d7a
      size: 2621
    - path: src/load/load.py
      hash: md5
      md5: 0543d97804aff75f171b11bf27358cac
      size: 4556
    outs:
    - path: reports/figures/reg_ame_likes_elite.svg
      hash: md5
      md5: 90637d85dd84b59b734d93e386886ee2
      size: 100411
    - path: reports/figures/reg_ame_likes_pplcentr.svg
      hash: md5
      md5: f1926e80354fd8f523e6999dd441aa9f
      size: 98226
    - path: reports/figures/reg_ame_views_elite.svg
      hash: md5
      md5: d728e3a23e0a7c6a2dfaa615d1512783
      size: 110794
    - path: reports/figures/reg_ame_views_pplcentr.svg
      hash: md5
      md5: c24cead39b4f1e4594646f448a77f272
      size: 113944
    - path: reports/notebooks/06-regressions.html
      hash: md5
      md5: 75ef482bba6b74b944cbd2f5304c2a22
      size: 2726152
  build_metadata:
    cmd: papermill pipeline/01-build_metadata.ipynb reports/notebooks/01-build_metadata.ipynb
    deps:
    - path: data/raw/yt/@AfDFraktionimBundestag
      hash: md5
      md5: 364ae8ed9685b182ec91023d8291ed6b.dir
      size: 44063157800
      nfiles: 6297
    - path: data/raw/yt/@AfDTV
      hash: md5
      md5: 738881c534afb25c0f8d34a35f2d944d.dir
      size: 17719850009
      nfiles: 2097
    - path: data/raw/yt/@DIELINKE
      hash: md5
      md5: ded17b9be1851cf46148ad267c7d6d7b.dir
      size: 22500157210
      nfiles: 1921
    - path: data/raw/yt/@DieGruenen
      hash: md5
      md5: f5f04d96a077ffd9046e7812e847b1ec.dir
      size: 17412896899
      nfiles: 1878
    - path: data/raw/yt/@FDP
      hash: md5
      md5: 1ba16067ea78a532607f9dc4c73e8f73.dir
      size: 21694010619
      nfiles: 2326
    - path: data/raw/yt/@cducsu
      hash: md5
      md5: 4a707b1b26f5ec1757bbdd2cbd9026db.dir
      size: 8308613570
      nfiles: 794
    - path: data/raw/yt/@cdutv
      hash: md5
      md5: 6396967d1c50bea394202769fef9ae41.dir
      size: 19392982216
      nfiles: 2450
    - path: data/raw/yt/@csuimbundestag9622
      hash: md5
      md5: b280281ba68dade72e06cc4ddc33e80a.dir
      size: 2360827948
      nfiles: 417
    - path: data/raw/yt/@csumedia
      hash: md5
      md5: 9c6c551c059690d01a9df24fe4105c10.dir
      size: 5540473926
      nfiles: 816
    - path: data/raw/yt/@dielinkebt
      hash: md5
      md5: 2819f4cfb8f80cc017d7f41886eb9d9e.dir
      size: 1127490004
      nfiles: 349
    - path: data/raw/yt/@fdpbt
      hash: md5
      md5: 4881a3bc06c28187ab48398fa0505e3e.dir
      size: 4133104842
      nfiles: 675
    - path: data/raw/yt/@gruenebundestag
      hash: md5
      md5: f596f96ae42ce2f61399a3182025f794.dir
      size: 1652601011
      nfiles: 251
    - path: data/raw/yt/@linksfraktion
      hash: md5
      md5: 0dfa114660040c8fce4ad27da12eea73.dir
      size: 24786390331
      nfiles: 4284
    - path: data/raw/yt/@spdbt
      hash: md5
      md5: a6671adaadac359b1b96ac02974be98e.dir
      size: 1132620416
      nfiles: 319
    - path: data/raw/yt/@spdde
      hash: md5
      md5: 14ee65a45cb28cda7f439bb915fb8f92.dir
      size: 27481504241
      nfiles: 2349
    - path: pipeline/01-build_metadata.ipynb
      hash: md5
      md5: f224efbf02c07e154bdad2384eafb79a
      size: 26040
    outs:
    - path: data/yt_metadata/channels.parquet
      hash: md5
      md5: 9194ae4232f85e166e887de50accbdf1
      size: 10399
    - path: data/yt_metadata/videos.parquet
      hash: md5
      md5: 8c05edde0af474692c7e75d575065c3b
      size: 6349327
    - path: reports/notebooks/01-build_metadata.ipynb
      hash: md5
      md5: 3970fe889b602b082e7f955bf229b744
      size: 30381
