schema: '2.0'
stages:
  run_asr:
    cmd: python pipeline/02-run_asr.py
    deps:
    - path: data/raw/yt/@AfDFraktionimBundestag
      hash: md5
      md5: 9ac79db605bee1b0514534a96c4bcd59.dir
      size: 43741077037
      nfiles: 6266
    - path: data/raw/yt/@AfDTV
      hash: md5
      md5: c6809b403cbaa785188146057668502a.dir
      size: 17653928862
      nfiles: 2076
    - path: data/raw/yt/@DIELINKE
      hash: md5
      md5: 9e20a409d3f9816fa5ebf1b4ed115d7f.dir
      size: 22276215396
      nfiles: 1880
    - path: data/raw/yt/@DieGruenen
      hash: md5
      md5: 85d4a12bba61aa6b48e7fb79e5297856.dir
      size: 17316498425
      nfiles: 1859
    - path: data/raw/yt/@FDP
      hash: md5
      md5: 344bbf40fc3d2c7cc15474e098d6be00.dir
      size: 21649388363
      nfiles: 2312
    - path: data/raw/yt/@cdutv
      hash: md5
      md5: 814a63cd301f361afc7b5f6200b9b074.dir
      size: 19301366716
      nfiles: 2413
    - path: data/raw/yt/@csumedia
      hash: md5
      md5: d31dfee3e9e0604a433e8296cb7db820.dir
      size: 5530389606
      nfiles: 805
    - path: data/raw/yt/@spdde
      hash: md5
      md5: fc1e1fd1eae80c74a4b2ec94298e5acb.dir
      size: 27348727119
      nfiles: 2309
    - path: data/yt_metadata/videos.parquet
      hash: md5
      md5: b6f1681374cc51785098f814853f24ab
      size: 3505625
    - path: pipeline/02-run_asr.py
      hash: md5
      md5: 1ae95f48ff4da5b4259b2aa2f1b6119b
      size: 2027
    - path: src/processing/whisper_pipeline.py
      hash: md5
      md5: 18e7b31ac1eee8c9ccc4c86c9b139c60
      size: 6304
    outs:
    - path: data/interim/transcripts/v3_large_turbo.parquet
      hash: md5
      md5: dc1210e9582253a842d65535b8baed41
      size: 33576131
  tokenize_transcripts:
    cmd: python pipeline/03-tokenize_transcripts.py
    deps:
    - path: data/interim/transcripts/v3_large_turbo.parquet
      hash: md5
      md5: dc1210e9582253a842d65535b8baed41
      size: 33576131
    - path: pipeline/03-tokenize_transcripts.py
      hash: md5
      md5: 2087b50b8cc5bdaebca216c6f79fade9
      size: 4602
    - path: src/processing/transcript_cleaner.py
      hash: md5
      md5: 02137f9a346df775deaa5d99965d757e
      size: 3880
    outs:
    - path: data/yt_metadata/broken_transcripts.parquet
      hash: md5
      md5: f542f9ea85fbb075a3e7cd403f373e7b
      size: 1073
    - path: data/yt_metadata/sentences.parquet
      hash: md5
      md5: a97b2c3f97f7ae2a510ec87aca89f7fc
      size: 44183782
  run_popbert:
    cmd: python pipeline/04-run_popbert.py
    deps:
    - path: data/yt_metadata/sentences.parquet
      hash: md5
      md5: a97b2c3f97f7ae2a510ec87aca89f7fc
      size: 44183782
    - path: pipeline/04-run_popbert.py
      hash: md5
      md5: 323b6c1a8812410e4068fc3568387f8f
      size: 2744
    - path: src/processing/popbert_predictor.py
      hash: md5
      md5: 2d75e89af67d95a035359924acc4e909
      size: 2070
    outs:
    - path: data/yt_metadata/popbert.parquet
      hash: md5
      md5: 25c56dd0ccba356bd687ab05fea15e67
      size: 16784235
  run_manifesto_roberta:
    cmd: poetry run python pipeline/05-run_manifesto_roberta.py
    deps:
    - path: data/interim/sentences.parquet.gzip
      hash: md5
      md5: 8406669a97e71bb2f6741cbca36f6b40
      size: 35887187
    - path: pipeline/05-run_manifesto_roberta.py
      hash: md5
      md5: e5f48e4884904ed388906b28d24d30fc
      size: 2514
    - path: src/processing/manifesto_predictor.py
      hash: md5
      md5: dff138a1c91c969b39678c68a9035995
      size: 3349
    outs:
    - path: data/interim/manifesto_roberta.parquet.gzip
      hash: md5
      md5: c65497e8d4e9577744d758f7fbde237a
      size: 4352558
  basic_descriptives:
    cmd: papermill pipeline/06-basic_descriptives.ipynb reports/notebooks/06-basic_descriptives.ipynb
    deps:
    - path: data/yt_metadata/
      hash: md5
      md5: 89c579ca5e8ee644f6844111e1eeddbb.dir
      size: 64485314
      nfiles: 9
    - path: pipeline/06-basic_descriptives.ipynb
      hash: md5
      md5: 1e86d805f9595a04f8abbe3e5c8c2c0d
      size: 21370
    - path: src/load/
      hash: md5
      md5: f39835ddeabffaacffdc22fd2d063336.dir
      size: 19443
      nfiles: 8
    outs:
    - path: reports/figures/populism_per_party.svg
      hash: md5
      md5: c3cf27f0ded7a803bca9052e422f9d4a
      size: 20685
    - path: reports/figures/view_count.svg
      hash: md5
      md5: 781021057235358250c3f738066b8204
      size: 276407
    - path: reports/notebooks/06-basic_descriptives.ipynb
      hash: md5
      md5: 893f3395eb1cd22179693621276e8254
      size: 30103
    - path: reports/tables/dataset_summary.csv
      hash: md5
      md5: 365b5fd0848bd1152c22c3e2cbe62f73
      size: 767
  nb_regression:
    cmd: Rscript -e "rmarkdown::render('pipeline/07-nb_regression.Rmd', 'html_document',
      '../reports/notebooks/07-nb_regression.html')"
    deps:
    - path: data/interim/popbert.parquet.gzip
      hash: md5
      md5: 1fa0f6af6cdf39fdf8a275d8390045e5
      size: 13111387
    - path: data/interim/sentences.parquet.gzip
      hash: md5
      md5: 8406669a97e71bb2f6741cbca36f6b40
      size: 35887187
    - path: data/yt_metadata/
      hash: md5
      md5: 87a253cb9cf25a9194627c12dc3788b4.dir
      size: 63637660
      nfiles: 9
    - path: pipeline/07-nb_regression.Rmd
      hash: md5
      md5: 8c723053e5b0f82b0cb3c1480bb38c94
      size: 3768
    - path: r/load.R
      hash: md5
      md5: 7fb1f7f5cf47402c3a0fe97f8837d072
      size: 747
    - path: src/load/
      hash: md5
      md5: 2bfbd9f70117ef6611e34c32f282a0ce.dir
      size: 10633
      nfiles: 5
    outs:
    - path: reports/figures/nb_regression_like_count.svg
      hash: md5
      md5: 33db99db4dcdf0e3bb4c6d7c188ba1c2
      size: 23111
    - path: reports/notebooks/07-nb_regression.html
      hash: md5
      md5: ef7271cdf0ae20df4dfff7feed1c860c
      size: 737690
  comment_analysis:
    cmd: papermill pipeline/08-comment_analysis.ipynb reports/notebooks/08-comment_analysis.ipynb
    deps:
    - path: data/raw/yt_metadata/
      hash: md5
      md5: e4f5a8c9396cda5019654633eb294499.dir
      size: 251169430
      nfiles: 3
    - path: pipeline/08-comment_analysis.ipynb
      hash: md5
      md5: f76f52ad067607bdd82d204738d02447
      size: 3756
    - path: src/load/
      hash: md5
      md5: c7f5837d0512f5af76ad65a32b605a00.dir
      size: 24235
      nfiles: 9
    outs:
    - path: reports/figures/co_commenter_network.svg
      hash: md5
      md5: 8b4d9520bde72827a3248b7f3cf7d564
      size: 39234
    - path: reports/notebooks/08-comment_analysis.ipynb
      hash: md5
      md5: 8674941e4a33515b22b87f9f2275e361
      size: 140684
    - path: reports/tables/n_commenters_per_channel.csv
      hash: md5
      md5: c9d87aa6c01cdc761013ead30ab3f4a7
      size: 103
  collect_manifestors:
    cmd: poetry run python pipeline/09-collect_manifestos.py
    deps:
    - path: pipeline/09-collect_manifestos.py
      hash: md5
      md5: 6119d92a56e0cdde4eeaa784bb6251ab
      size: 840
    - path: src/crawl/manifesto_crawler.py
      hash: md5
      md5: 8f26e6f8c25ca06ed22a77f775da955d
      size: 2044
    outs:
    - path: data/raw/manifestos
      hash: md5
      md5: 444a27d9a85d0ccfdcff1aa6f92b1e2c.dir
      size: 1300907
      nfiles: 6
  collect_manifestos:
    cmd: python pipeline/09-collect_manifestos.py
    deps:
    - path: pipeline/09-collect_manifestos.py
      hash: md5
      md5: 75fbbdebecf2b5595c0ab7b4209045f8
      size: 833
    - path: src/crawl/manifesto_crawler.py
      hash: md5
      md5: 07eaba786483381093426afd8c500b14
      size: 2045
    outs:
    - path: data/raw/manifestos
      hash: md5
      md5: 444a27d9a85d0ccfdcff1aa6f92b1e2c.dir
      size: 1300907
      nfiles: 6
  top_videos:
    cmd: papermill pipeline/08-top_videos.ipynb reports/notebooks/08-top_videos.ipynb
    deps:
    - path: data/yt_metadata/
      hash: md5
      md5: 89c579ca5e8ee644f6844111e1eeddbb.dir
      size: 64485314
      nfiles: 9
    - path: pipeline/08-top_videos.ipynb
      hash: md5
      md5: 01988a0e7d4c6138002e4b83a345f995
      size: 6050
    - path: src/load/
      hash: md5
      md5: f39835ddeabffaacffdc22fd2d063336.dir
      size: 19443
      nfiles: 8
    outs:
    - path: reports/notebooks/08-top_videos.ipynb
      hash: md5
      md5: 5c8e912aef2809e2ff5d48fc7c745ed9
      size: 15334
    - path: reports/tables/most_antielitism_videos_per_channel.csv
      hash: md5
      md5: 1cb7b9133ab42c241fb831a1a1c182a6
      size: 7184
    - path: reports/tables/most_liked_videos_per_channel.csv
      hash: md5
      md5: 3d16c1066e76afd524c424a55ab44eea
      size: 6885
    - path: reports/tables/most_viewed_videos_per_channel.csv
      hash: md5
      md5: 966641da12f09908be0e10211efacd57
      size: 6814
